Microsoft Visual Studio Solution File, Format Version 12.00
# Visual Studio Version 17
VisualStudioVersion = 17.5.2.0
MinimumVisualStudioVersion = 10.0.40219.1
Project("{FAE04EC0-301F-11D3-BF4B-00C04F79EFBC}") = "ELF-Inspector", "ELF-Inspector.csproj", "{78357442-CBF7-950F-938A-2BDCA684A8FD}"
EndProject
Project("{FAE04EC0-301F-11D3-BF4B-00C04F79EFBC}") = "ELFInspector.UnitTests", "tests\ELFInspector.UnitTests\ELFInspector.UnitTests.csproj", "{3D9AF1DB-79FE-4DB8-AE3A-3D719CD5FD22}"
EndProject
Global
	GlobalSection(SolutionConfigurationPlatforms) = preSolution
		Debug|Any CPU = Debug|Any CPU
		Release|Any CPU = Release|Any CPU
	EndGlobalSection
	GlobalSection(ProjectConfigurationPlatforms) = postSolution
		{78357442-CBF7-950F-938A-2BDCA684A8FD}.Debug|Any CPU.ActiveCfg = Debug|Any CPU
		{78357442-CBF7-950F-938A-2BDCA684A8FD}.Debug|Any CPU.Build.0 = Debug|Any CPU
		{78357442-CBF7-950F-938A-2BDCA684A8FD}.Release|Any CPU.ActiveCfg = Release|Any CPU
		{78357442-CBF7-950F-938A-2BDCA684A8FD}.Release|Any CPU.Build.0 = Release|Any CPU
		{3D9AF1DB-79FE-4DB8-AE3A-3D719CD5FD22}.Debug|Any CPU.ActiveCfg = Debug|Any CPU
		{3D9AF1DB-79FE-4DB8-AE3A-3D719CD5FD22}.Debug|Any CPU.Build.0 = Debug|Any CPU
		{3D9AF1DB-79FE-4DB8-AE3A-3D719CD5FD22}.Release|Any CPU.ActiveCfg = Release|Any CPU
		{3D9AF1DB-79FE-4DB8-AE3A-3D719CD5FD22}.Release|Any CPU.Build.0 = Release|Any CPU
	EndGlobalSection
	GlobalSection(SolutionProperties) = preSolution
		HideSolutionNode = FALSE
	EndGlobalSection
	GlobalSection(ExtensibilityGlobals) = postSolution
		SolutionGuid = {77232011-0763-4954-9AF2-EBC0756B75D8}
	EndGlobalSection
EndGlobal
